// !$*UTF8*$!
{
	archiveVersion = 1;
	classes = {
	};
	objectVersion = 50;
	objects = {

/* Begin PBXBuildFile section */
		3991A0812DE3F30600CFCB90 /* AppDelegate.swift in Sources */ = {isa = PBXBuildFile; fileRef = 3991A0802DE3F30600CFCB90 /* AppDelegate.swift */; };
		3991A0832DE3F30600CFCB90 /* ViewController.swift in Sources */ = {isa = PBXBuildFile; fileRef = 3991A0822DE3F30600CFCB90 /* ViewController.swift */; };
		3991A0862DE3F30600CFCB90 /* Main.storyboard in Resources */ = {isa = PBXBuildFile; fileRef = 3991A0842DE3F30600CFCB90 /* Main.storyboard */; };
		3991A0892DE3F30600CFCB90 /* au_module1_imageapp.xcdatamodeld in Sources */ = {isa = PBXBuildFile; fileRef = 3991A0872DE3F30600CFCB90 /* au_module1_imageapp.xcdatamodeld */; };
		3991A08B2DE3F30B00CFCB90 /* Assets.xcassets in Resources */ = {isa = PBXBuildFile; fileRef = 3991A08A2DE3F30B00CFCB90 /* Assets.xcassets */; };
		3991A08E2DE3F30B00CFCB90 /* LaunchScreen.storyboard in Resources */ = {isa = PBXBuildFile; fileRef = 3991A08C2DE3F30B00CFCB90 /* LaunchScreen.storyboard */; };
/* End PBXBuildFile section */

/* Begin PBXFileReference section */
		3991A07D2DE3F30600CFCB90 /* au-module1-imageapp.app */ = {isa = PBXFileReference; explicitFileType = wrapper.application; includeInIndex = 0; path = "au-module1-imageapp.app"; sourceTree = BUILT_PRODUCTS_DIR; };
		3991A0802DE3F30600CFCB90 /* AppDelegate.swift */ = {isa = PBXFileReference; lastKnownFileType = sourcecode.swift; path = AppDelegate.swift; sourceTree = "<group>"; };
		3991A0822DE3F30600CFCB90 /* ViewController.swift */ = {isa = PBXFileReference; lastKnownFileType = sourcecode.swift; path = ViewController.swift; sourceTree = "<group>"; };
		3991A0852DE3F30600CFCB90 /* Base */ = {isa = PBXFileReference; lastKnownFileType = file.storyboard; name = Base; path = Base.lproj/Main.storyboard; sourceTree = "<group>"; };
		3991A0882DE3F30600CFCB90 /* au_module1_imageapp.xcdatamodel */ = {isa = PBXFileReference; lastKnownFileType = wrapper.xcdatamodel; path = au_module1_imageapp.xcdatamodel; sourceTree = "<group>"; };
		3991A08A2DE3F30B00CFCB90 /* Assets.xcassets */ = {isa = PBXFileReference; lastKnownFileType = folder.assetcatalog; path = Assets.xcassets; sourceTree = "<group>"; };
		3991A08D2DE3F30B00CFCB90 /* Base */ = {isa = PBXFileReference; lastKnownFileType = file.storyboard; name = Base; path = Base.lproj/LaunchScreen.storyboard; sourceTree = "<group>"; };
		3991A08F2DE3F30B00CFCB90 /* Info.plist */ = {isa = PBXFileReference; lastKnownFileType = text.plist.xml; path = Info.plist; sourceTree = "<group>"; };
/* End PBXFileReference section */

/* Begin PBXFrameworksBuildPhase section */
		3991A07A2DE3F30600CFCB90 /* Frameworks */ = {
			isa = PBXFrameworksBuildPhase;
			buildActionMask = 2147483647;
			files = (
			);
			runOnlyForDeploymentPostprocessing = 0;
		};
/* End PBXFrameworksBuildPhase section */

/* Begin PBXGroup section */
		3991A0742DE3F30600CFCB90 = {
			isa = PBXGroup;
			children = (
				3991A07F2DE3F30600CFCB90 /* au-module1-imageapp */,
				3991A07E2DE3F30600CFCB90 /* Products */,
			);
			sourceTree = "<group>";
		};
		3991A07E2DE3F30600CFCB90 /* Products */ = {
			isa = PBXGroup;
			children = (
				3991A07D2DE3F30600CFCB90 /* au-module1-imageapp.app */,
			);
			name = Products;
			sourceTree = "<group>";
		};
		3991A07F2DE3F30600CFCB90 /* au-module1-imageapp */ = {
			isa = PBXGroup;
			children = (
				3991A0802DE3F30600CFCB90 /* AppDelegate.swift */,
				3991A0822DE3F30600CFCB90 /* ViewController.swift */,
				3991A0842DE3F30600CFCB90 /* Main.storyboard */,
				3991A08A2DE3F30B00CFCB90 /* Assets.xcassets */,
				3991A08C2DE3F30B00CFCB90 /* LaunchScreen.storyboard */,
				3991A08F2DE3F30B00CFCB90 /* Info.plist */,
				3991A0872DE3F30600CFCB90 /* au_module1_imageapp.xcdatamodeld */,
			);
			path = "au-module1-imageapp";
			sourceTree = "<group>";
		};
/* End PBXGroup section */

/* Begin PBXNativeTarget section */
		3991A07C2DE3F30600CFCB90 /* au-module1-imageapp */ = {
			isa = PBXNativeTarget;
			buildConfigurationList = 3991A0922DE3F30B00CFCB90 /* Build configuration list for PBXNativeTarget "au-module1-imageapp" */;
			buildPhases = (
				3991A0792DE3F30600CFCB90 /* Sources */,
				3991A07A2DE3F30600CFCB90 /* Frameworks */,
				3991A07B2DE3F30600CFCB90 /* Resources */,
			);
			buildRules = (
			);
			dependencies = (
			);
			name = "au-module1-imageapp";
			productName = "au-module1-imageapp";
			productReference = 3991A07D2DE3F30600CFCB90 /* au-module1-imageapp.app */;
			productType = "com.apple.product-type.application";
		};
/* End PBXNativeTarget section */

/* Begin PBXProject section */
		3991A0752DE3F30600CFCB90 /* Project object */ = {
			isa = PBXProject;
			attributes = {
				LastSwiftUpdateCheck = 1010;
				LastUpgradeCheck = 1010;
				ORGANIZATIONNAME = "Auburn University";
				TargetAttributes = {
					3991A07C2DE3F30600CFCB90 = {
						CreatedOnToolsVersion = 10.1;
					};
				};
			};
			buildConfigurationList = 3991A0782DE3F30600CFCB90 /* Build configuration list for PBXProject "au-module1-imageapp" */;
			compatibilityVersion = "Xcode 9.3";
			developmentRegion = en;
			hasScannedForEncodings = 0;
			knownRegions = (
				en,
				Base,
			);
			mainGroup = 3991A0742DE3F30600CFCB90;
			productRefGroup = 3991A07E2DE3F30600CFCB90 /* Products */;
			projectDirPath = "";
			projectRoot = "";
			targets = (
				3991A07C2DE3F30600CFCB90 /* au-module1-imageapp */,
			);
		};
/* End PBXProject section */

/* Begin PBXResourcesBuildPhase section */
		3991A07B2DE3F30600CFCB90 /* Resources */ = {
			isa = PBXResourcesBuildPhase;
			buildActionMask = 2147483647;
			files = (
				3991A08E2DE3F30B00CFCB90 /* LaunchScreen.storyboard in Resources */,
				3991A08B2DE3F30B00CFCB90 /* Assets.xcassets in Resources */,
				3991A0862DE3F30600CFCB90 /* Main.storyboard in Resources */,
			);
			runOnlyForDeploymentPostprocessing = 0;
		};
/* End PBXResourcesBuildPhase section */

/* Begin PBXSourcesBuildPhase section */
		3991A0792DE3F30600CFCB90 /* Sources */ = {
			isa = PBXSourcesBuildPhase;
			buildActionMask = 2147483647;
			files = (
				3991A0832DE3F30600CFCB90 /* ViewController.swift in Sources */,
				3991A0892DE3F30600CFCB90 /* au_module1_imageapp.xcdatamodeld in Sources */,
				3991A0812DE3F30600CFCB90 /* AppDelegate.swift in Sources */,
			);
			runOnlyForDeploymentPostprocessing = 0;
		};
/* End PBXSourcesBuildPhase section */

/* Begin PBXVariantGroup section */
		3991A0842DE3F30600CFCB90 /* Main.storyboard */ = {
			isa = PBXVariantGroup;
			children = (
				3991A0852DE3F30600CFCB90 /* Base */,
			);
			name = Main.storyboard;
			sourceTree = "<group>";
		};
		3991A08C2DE3F30B00CFCB90 /* LaunchScreen.storyboard */ = {
			isa = PBXVariantGroup;
			children = (
				3991A08D2DE3F30B00CFCB90 /* Base */,
			);
			name = LaunchScreen.storyboard;
			sourceTree = "<group>";
		};
/* End PBXVariantGroup section */

/* Begin XCBuildConfiguration section */
		3991A0902DE3F30B00CFCB90 /* Debug */ = {
			isa = XCBuildConfiguration;
			buildSettings = {
				ALWAYS_SEARCH_USER_PATHS = NO;
				CLANG_ANALYZER_NONNULL = YES;
				CLANG_ANALYZER_NUMBER_OBJECT_CONVERSION = YES_AGGRESSIVE;
				CLANG_CXX_LANGUAGE_STANDARD = "gnu++14";
				CLANG_CXX_LIBRARY = "libc++";
				CLANG_ENABLE_MODULES = YES;
				CLANG_ENABLE_OBJC_ARC = YES;
				CLANG_ENABLE_OBJC_WEAK = YES;
				CLANG_WARN_BLOCK_CAPTURE_AUTORELEASING = YES;
				CLANG_WARN_BOOL_CONVERSION = YES;
				CLANG_WARN_COMMA = YES;
				CLANG_WARN_CONSTANT_CONVERSION = YES;
				CLANG_WARN_DEPRECATED_OBJC_IMPLEMENTATIONS = YES;
				CLANG_WARN_DIRECT_OBJC_ISA_USAGE = YES_ERROR;
				CLANG_WARN_DOCUMENTATION_COMMENTS = YES;
				CLANG_WARN_EMPTY_BODY = YES;
				CLANG_WARN_ENUM_CONVERSION = YES;
				CLANG_WARN_INFINITE_RECURSION = YES;
				CLANG_WARN_INT_CONVERSION = YES;
				CLANG_WARN_NON_LITERAL_NULL_CONVERSION = YES;
				CLANG_WARN_OBJC_IMPLICIT_RETAIN_SELF = YES;
				CLANG_WARN_OBJC_LITERAL_CONVERSION = YES;
				CLANG_WARN_OBJC_ROOT_CLASS = YES_ERROR;
				CLANG_WARN_RANGE_LOOP_ANALYSIS = YES;
				CLANG_WARN_STRICT_PROTOTYPES = YES;
				CLANG_WARN_SUSPICIOUS_MOVE = YES;
				CLANG_WARN_UNGUARDED_AVAILABILITY = YES_AGGRESSIVE;
				CLANG_WARN_UNREACHABLE_CODE = YES;
				CLANG_WARN__DUPLICATE_METHOD_MATCH = YES;
				CODE_SIGN_IDENTITY = "iPhone Developer";
				COPY_PHASE_STRIP = NO;
				DEBUG_INFORMATION_FORMAT = dwarf;
				ENABLE_STRICT_OBJC_MSGSEND = YES;
				ENABLE_TESTABILITY = YES;
				GCC_C_LANGUAGE_STANDARD = gnu11;
				GCC_DYNAMIC_NO_PIC = NO;
				GCC_NO_COMMON_BLOCKS = YES;
				GCC_OPTIMIZATION_LEVEL = 0;
				GCC_PREPROCESSOR_DEFINITIONS = (
					"DEBUG=1",
					"$(inherited)",
				);
				GCC_WARN_64_TO_32_BIT_CONVERSION = YES;
				GCC_WARN_ABOUT_RETURN_TYPE = YES_ERROR;
				GCC_WARN_UNDECLARED_SELECTOR = YES;
				GCC_WARN_UNINITIALIZED_AUTOS = YES_AGGRESSIVE;
				GCC_WARN_UNUSED_FUNCTION = YES;
				GCC_WARN_UNUSED_VARIABLE = YES;
				IPHONEOS_DEPLOYMENT_TARGET = 12.1;
				MTL_ENABLE_DEBUG_INFO = INCLUDE_SOURCE;
				MTL_FAST_MATH = YES;
				ONLY_ACTIVE_ARCH = YES;
				SDKROOT = iphoneos;
				SWIFT_ACTIVE_COMPILATION_CONDITIONS = DEBUG;
				SWIFT_OPTIMIZATION_LEVEL = "-Onone";
			};
			name = Debug;
		};
		3991A0912DE3F30B00CFCB90 /* Release */ = {
			isa = XCBuildConfiguration;
			buildSettings = {
				ALWAYS_SEARCH_USER_PATHS = NO;
				CLANG_ANALYZER_NONNULL = YES;
				CLANG_ANALYZER_NUMBER_OBJECT_CONVERSION = YES_AGGRESSIVE;
				CLANG_CXX_LANGUAGE_STANDARD = "gnu++14";
				CLANG_CXX_LIBRARY = "libc++";
				CLANG_ENABLE_MODULES = YES;
				CLANG_ENABLE_OBJC_ARC = YES;
				CLANG_ENABLE_OBJC_WEAK = YES;
				CLANG_WARN_BLOCK_CAPTURE_AUTORELEASING = YES;
				CLANG_WARN_BOOL_CONVERSION = YES;
				CLANG_WARN_COMMA = YES;
				CLANG_WARN_CONSTANT_CONVERSION = YES;
				CLANG_WARN_DEPRECATED_OBJC_IMPLEMENTATIONS = YES;
				CLANG_WARN_DIRECT_OBJC_ISA_USAGE = YES_ERROR;
				CLANG_WARN_DOCUMENTATION_COMMENTS = YES;
				CLANG_WARN_EMPTY_BODY = YES;
				CLANG_WARN_ENUM_CONVERSION = YES;
				CLANG_WARN_INFINITE_RECURSION = YES;
				CLANG_WARN_INT_CONVERSION = YES;
				CLANG_WARN_NON_LITERAL_NULL_CONVERSION = YES;
				CLANG_WARN_OBJC_IMPLICIT_RETAIN_SELF = YES;
				CLANG_WARN_OBJC_LITERAL_CONVERSION = YES;
				CLANG_WARN_OBJC_ROOT_CLASS = YES_ERROR;
				CLANG_WARN_RANGE_LOOP_ANALYSIS = YES;
				CLANG_WARN_STRICT_PROTOTYPES = YES;
				CLANG_WARN_SUSPICIOUS_MOVE = YES;
				CLANG_WARN_UNGUARDED_AVAILABILITY = YES_AGGRESSIVE;
				CLANG_WARN_UNREACHABLE_CODE = YES;
				CLANG_WARN__DUPLICATE_METHOD_MATCH = YES;
				CODE_SIGN_IDENTITY = "iPhone Developer";
				COPY_PHASE_STRIP = NO;
				DEBUG_INFORMATION_FORMAT = "dwarf-with-dsym";
				ENABLE_NS_ASSERTIONS = NO;
				ENABLE_STRICT_OBJC_MSGSEND = YES;
				GCC_C_LANGUAGE_STANDARD = gnu11;
				GCC_NO_COMMON_BLOCKS = YES;
				GCC_WARN_64_TO_32_BIT_CONVERSION = YES;
				GCC_WARN_ABOUT_RETURN_TYPE = YES_ERROR;
				GCC_WARN_UNDECLARED_SELECTOR = YES;
				GCC_WARN_UNINITIALIZED_AUTOS = YES_AGGRESSIVE;
				GCC_WARN_UNUSED_FUNCTION = YES;
				GCC_WARN_UNUSED_VARIABLE = YES;
				IPHONEOS_DEPLOYMENT_TARGET = 12.1;
				MTL_ENABLE_DEBUG_INFO = NO;
				MTL_FAST_MATH = YES;
				SDKROOT = iphoneos;
				SWIFT_COMPILATION_MODE = wholemodule;
				SWIFT_OPTIMIZATION_LEVEL = "-O";
				VALIDATE_PRODUCT = YES;
			};
			name = Release;
		};
		3991A0932DE3F30B00CFCB90 /* Debug */ = {
			isa = XCBuildConfiguration;
			buildSettings = {
				ASSETCATALOG_COMPILER_APPICON_NAME = AppIcon;
				CODE_SIGN_STYLE = Automatic;
				DEVELOPMENT_TEAM = 8ZG33WN6DX;
				INFOPLIST_FILE = "au-module1-imageapp/Info.plist";
				LD_RUNPATH_SEARCH_PATHS = (
					"$(inherited)",
					"@executable_path/Frameworks",
				);
				PRODUCT_BUNDLE_IDENTIFIER = "home.brianadair.au-module1-imageapp";
				PRODUCT_NAME = "$(TARGET_NAME)";
				SWIFT_VERSION = 4.2;
				TARGETED_DEVICE_FAMILY = "1,2";
			};
			name = Debug;
		};
		3991A0942DE3F30B00CFCB90 /* Release */ = {
			isa = XCBuildConfiguration;
			buildSettings = {
				ASSETCATALOG_COMPILER_APPICON_NAME = AppIcon;
				CODE_SIGN_STYLE = Automatic;
				DEVELOPMENT_TEAM = 8ZG33WN6DX;
				INFOPLIST_FILE = "au-module1-imageapp/Info.plist";
				LD_RUNPATH_SEARCH_PATHS = (
					"$(inherited)",
					"@executable_path/Frameworks",
				);
				PRODUCT_BUNDLE_IDENTIFIER = "home.brianadair.au-module1-imageapp";
				PRODUCT_NAME = "$(TARGET_NAME)";
				SWIFT_VERSION = 4.2;
				TARGETED_DEVICE_FAMILY = "1,2";
			};
			name = Release;
		};
/* End XCBuildConfiguration section */

/* Begin XCConfigurationList section */
		3991A0782DE3F30600CFCB90 /* Build configuration list for PBXProject "au-module1-imageapp" */ = {
			isa = XCConfigurationList;
			buildConfigurations = (
				3991A0902DE3F30B00CFCB90 /* Debug */,
				3991A0912DE3F30B00CFCB90 /* Release */,
			);
			defaultConfigurationIsVisible = 0;
			defaultConfigurationName = Release;
		};
		3991A0922DE3F30B00CFCB90 /* Build configuration list for PBXNativeTarget "au-module1-imageapp" */ = {
			isa = XCConfigurationList;
			buildConfigurations = (
				3991A0932DE3F30B00CFCB90 /* Debug */,
				3991A0942DE3F30B00CFCB90 /* Release */,
			);
			defaultConfigurationIsVisible = 0;
			defaultConfigurationName = Release;
		};
/* End XCConfigurationList section */

/* Begin XCVersionGroup section */
		3991A0872DE3F30600CFCB90 /* au_module1_imageapp.xcdatamodeld */ = {
			isa = XCVersionGroup;
			children = (
				3991A0882DE3F30600CFCB90 /* au_module1_imageapp.xcdatamodel */,
			);
			currentVersion = 3991A0882DE3F30600CFCB90 /* au_module1_imageapp.xcdatamodel */;
			path = au_module1_imageapp.xcdatamodeld;
			sourceTree = "<group>";
			versionGroupType = wrapper.xcdatamodel;
		};
/* End XCVersionGroup section */
	};
	rootObject = 3991A0752DE3F30600CFCB90 /* Project object */;
}
